
Microsoft Visual Studio Solution File, Format Version 12.00
# Visual Studio Version 16
VisualStudioVersion = 16.0.31727.386
MinimumVisualStudioVersion = 10.0.40219.1
Project("{FAE04EC0-301F-11D3-BF4B-00C04F79EFBC}") = "laboratorio2", "laboratorio2.csproj", "{9E240F9B-9E69-4284-B7F1-B1EC65E16634}"
EndProject
Global
	GlobalSection(SolutionConfigurationPlatforms) = preSolution
		Debug|Any CPU = Debug|Any CPU
		Release|Any CPU = Release|Any CPU
	EndGlobalSection
	GlobalSection(ProjectConfigurationPlatforms) = postSolution
		{9E240F9B-9E69-4284-B7F1-B1EC65E16634}.Debug|Any CPU.ActiveCfg = Debug|Any CPU
		{9E240F9B-9E69-4284-B7F1-B1EC65E16634}.Debug|Any CPU.Build.0 = Debug|Any CPU
		{9E240F9B-9E69-4284-B7F1-B1EC65E16634}.Release|Any CPU.ActiveCfg = Release|Any CPU
		{9E240F9B-9E69-4284-B7F1-B1EC65E16634}.Release|Any CPU.Build.0 = Release|Any CPU
	EndGlobalSection
	GlobalSection(SolutionProperties) = preSolution
		HideSolutionNode = FALSE
	EndGlobalSection
	GlobalSection(ExtensibilityGlobals) = postSolution
		SolutionGuid = {0FD8DC64-3AED-48BC-9070-F52F532B3155}
	EndGlobalSection
EndGlobal
